// !$*UTF8*$!
{
	archiveVersion = 1;
	classes = {
	};
	objectVersion = 77;
	objects = {

/* Begin PBXBuildFile section */
		04CD5FDFF708BD8283E0B768 /* ReconciliationView.swift in Sources */ = {isa = PBXBuildFile; fileRef = C80367FA981021546D5B3159 /* ReconciliationView.swift */; };
		0BA8631631321F2DDFB5E93F /* HealthKitReader.swift in Sources */ = {isa = PBXBuildFile; fileRef = 05381BE8F00CFE85B769DC28 /* HealthKitReader.swift */; };
		1594A6AFED1B7AD253F63ECD /* SettingsStore.swift in Sources */ = {isa = PBXBuildFile; fileRef = 5C53754DF98089C15EFC68E8 /* SettingsStore.swift */; };
		1B3FC1FE0581AB816394DF8C /* StepsToEightCore in Frameworks */ = {isa = PBXBuildFile; productRef = 076FA49E83835FE5CB2A058C /* StepsToEightCore */; };
		1EC0531B9FDD19334288B644 /* NotificationScheduler.swift in Sources */ = {isa = PBXBuildFile; fileRef = E628930BBBD36226CDCAC79B /* NotificationScheduler.swift */; };
		20D1F064D6AC9AFA225A065D /* TierColor.swift in Sources */ = {isa = PBXBuildFile; fileRef = B2F2D277BABB7A310DD9E29C /* TierColor.swift */; };
		230163751725AB54527F409E /* ReconciliationStore.swift in Sources */ = {isa = PBXBuildFile; fileRef = 465495B0151FC42603FA4992 /* ReconciliationStore.swift */; };
		241F80633F2F2A543EA4F919 /* ReconciliationStore.swift in Sources */ = {isa = PBXBuildFile; fileRef = 465495B0151FC42603FA4992 /* ReconciliationStore.swift */; };
		294E1DC4580EFBD4B92E4127 /* WatchRootView.swift in Sources */ = {isa = PBXBuildFile; fileRef = 9DA1551163597101BAF45CC2 /* WatchRootView.swift */; };
		2E0FE8E9842F1496D43C512E /* StepsToEightApp.swift in Sources */ = {isa = PBXBuildFile; fileRef = 97096FCF32C6059953FD80C8 /* StepsToEightApp.swift */; };
		47FBE39813E4344CCD15FF80 /* StepsToEightCore in Frameworks */ = {isa = PBXBuildFile; productRef = BD7A8F84380B487A27E807DE /* StepsToEightCore */; };
		52777AADECF7AB043754AEE4 /* TierColor.swift in Sources */ = {isa = PBXBuildFile; fileRef = B2F2D277BABB7A310DD9E29C /* TierColor.swift */; };
		5CE840594D83B816F66709A0 /* StepsToEightWatchApp.swift in Sources */ = {isa = PBXBuildFile; fileRef = 8B67487095A587625A022D60 /* StepsToEightWatchApp.swift */; };
		5F18611651DD26E54E8D2242 /* TierColor.swift in Sources */ = {isa = PBXBuildFile; fileRef = B2F2D277BABB7A310DD9E29C /* TierColor.swift */; };
		67048F0560F781ED92A023AA /* HealthKitReader.swift in Sources */ = {isa = PBXBuildFile; fileRef = 05381BE8F00CFE85B769DC28 /* HealthKitReader.swift */; };
		71216397C4411569DDEBE98C /* HistoryStore.swift in Sources */ = {isa = PBXBuildFile; fileRef = 756A4C9DF28F82EB2847EBCE /* HistoryStore.swift */; };
		72FEAEB569274F8A7669B474 /* ComplicationView.swift in Sources */ = {isa = PBXBuildFile; fileRef = 1FEBC26F9782BD85CD1293C9 /* ComplicationView.swift */; };
		76FA1F44452A7F10C21FAF20 /* SettingsStore.swift in Sources */ = {isa = PBXBuildFile; fileRef = 5C53754DF98089C15EFC68E8 /* SettingsStore.swift */; };
		776AB97CD09C2D0AC63FD19B /* StepsToEightComplication.appex in Embed Foundation Extensions */ = {isa = PBXBuildFile; fileRef = B521DB2382EB98591F6786E1 /* StepsToEightComplication.appex */; settings = {ATTRIBUTES = (RemoveHeadersOnCopy, ); }; };
		84696C2B79BD0DAAE846179A /* StepsProvider.swift in Sources */ = {isa = PBXBuildFile; fileRef = 288838AABB195F187153F1D5 /* StepsProvider.swift */; };
		988C756E1A4210EAC607D922 /* HistoryStore.swift in Sources */ = {isa = PBXBuildFile; fileRef = 756A4C9DF28F82EB2847EBCE /* HistoryStore.swift */; };
		9C1590BC989BEA55ED3CAD1A /* StepsToEightCore in Frameworks */ = {isa = PBXBuildFile; productRef = 9970AACD5B2186E85AFDF292 /* StepsToEightCore */; };
		A7DA4FF0DC9C3D1A0F0BFC49 /* ReconciliationStore.swift in Sources */ = {isa = PBXBuildFile; fileRef = 465495B0151FC42603FA4992 /* ReconciliationStore.swift */; };
		AD6DC23EF3043D3908D081DA /* StepsToEightWidget.swift in Sources */ = {isa = PBXBuildFile; fileRef = 71A400867519705B7839ACF5 /* StepsToEightWidget.swift */; };
		BC24AC78959AEE293FDCA50D /* RootView.swift in Sources */ = {isa = PBXBuildFile; fileRef = CB49C423D83769E994BD9C68 /* RootView.swift */; };
		BC4A48FB61ADBD5D4F7CA40D /* SettingsStore.swift in Sources */ = {isa = PBXBuildFile; fileRef = 5C53754DF98089C15EFC68E8 /* SettingsStore.swift */; };
		CF657CB160E469844B16E431 /* HistoryStore.swift in Sources */ = {isa = PBXBuildFile; fileRef = 756A4C9DF28F82EB2847EBCE /* HistoryStore.swift */; };
		D82FE3761A3712EBA61D33EE /* MainTabView.swift in Sources */ = {isa = PBXBuildFile; fileRef = EB59BCEEE77B50542159011F /* MainTabView.swift */; };
		F234FDD9453FC65E8E2DF857 /* HealthKitReader.swift in Sources */ = {isa = PBXBuildFile; fileRef = 05381BE8F00CFE85B769DC28 /* HealthKitReader.swift */; };
/* End PBXBuildFile section */

/* Begin PBXContainerItemProxy section */
		51F18CED74D15EC4C3F8D052 /* PBXContainerItemProxy */ = {
			isa = PBXContainerItemProxy;
			containerPortal = D851F02E8616F8851D021485 /* Project object */;
			proxyType = 1;
			remoteGlobalIDString = A07527660574D1052840E960;
			remoteInfo = StepsToEightComplication;
		};
/* End PBXContainerItemProxy section */

/* Begin PBXCopyFilesBuildPhase section */
		3BE5BB1428B1D7DA203AF35F /* Embed Foundation Extensions */ = {
			isa = PBXCopyFilesBuildPhase;
			buildActionMask = 2147483647;
			dstPath = "";
			dstSubfolderSpec = 13;
			files = (
				776AB97CD09C2D0AC63FD19B /* StepsToEightComplication.appex in Embed Foundation Extensions */,
			);
			name = "Embed Foundation Extensions";
			runOnlyForDeploymentPostprocessing = 0;
		};
/* End PBXCopyFilesBuildPhase section */

/* Begin PBXFileReference section */
		05381BE8F00CFE85B769DC28 /* HealthKitReader.swift */ = {isa = PBXFileReference; lastKnownFileType = sourcecode.swift; path = HealthKitReader.swift; sourceTree = "<group>"; };
		0DADF3892110B7C28ECB803C /* watch-stepcounter */ = {isa = PBXFileReference; lastKnownFileType = folder; name = "watch-stepcounter"; path = .; sourceTree = SOURCE_ROOT; };
		1FEBC26F9782BD85CD1293C9 /* ComplicationView.swift */ = {isa = PBXFileReference; lastKnownFileType = sourcecode.swift; path = ComplicationView.swift; sourceTree = "<group>"; };
		288838AABB195F187153F1D5 /* StepsProvider.swift */ = {isa = PBXFileReference; lastKnownFileType = sourcecode.swift; path = StepsProvider.swift; sourceTree = "<group>"; };
		465495B0151FC42603FA4992 /* ReconciliationStore.swift */ = {isa = PBXFileReference; lastKnownFileType = sourcecode.swift; path = ReconciliationStore.swift; sourceTree = "<group>"; };
		53A49CA22D8C1686ABC85C2E /* StepsToEightWatch.app */ = {isa = PBXFileReference; explicitFileType = wrapper.application; includeInIndex = 0; path = StepsToEightWatch.app; sourceTree = BUILT_PRODUCTS_DIR; };
		5C53754DF98089C15EFC68E8 /* SettingsStore.swift */ = {isa = PBXFileReference; lastKnownFileType = sourcecode.swift; path = SettingsStore.swift; sourceTree = "<group>"; };
		71A400867519705B7839ACF5 /* StepsToEightWidget.swift */ = {isa = PBXFileReference; lastKnownFileType = sourcecode.swift; path = StepsToEightWidget.swift; sourceTree = "<group>"; };
		756A4C9DF28F82EB2847EBCE /* HistoryStore.swift */ = {isa = PBXFileReference; lastKnownFileType = sourcecode.swift; path = HistoryStore.swift; sourceTree = "<group>"; };
		8B67487095A587625A022D60 /* StepsToEightWatchApp.swift */ = {isa = PBXFileReference; lastKnownFileType = sourcecode.swift; path = StepsToEightWatchApp.swift; sourceTree = "<group>"; };
		97096FCF32C6059953FD80C8 /* StepsToEightApp.swift */ = {isa = PBXFileReference; lastKnownFileType = sourcecode.swift; path = StepsToEightApp.swift; sourceTree = "<group>"; };
		9DA1551163597101BAF45CC2 /* WatchRootView.swift */ = {isa = PBXFileReference; lastKnownFileType = sourcecode.swift; path = WatchRootView.swift; sourceTree = "<group>"; };
		B2F2D277BABB7A310DD9E29C /* TierColor.swift */ = {isa = PBXFileReference; lastKnownFileType = sourcecode.swift; path = TierColor.swift; sourceTree = "<group>"; };
		B521DB2382EB98591F6786E1 /* StepsToEightComplication.appex */ = {isa = PBXFileReference; explicitFileType = "wrapper.app-extension"; includeInIndex = 0; path = StepsToEightComplication.appex; sourceTree = BUILT_PRODUCTS_DIR; };
		C80367FA981021546D5B3159 /* ReconciliationView.swift */ = {isa = PBXFileReference; lastKnownFileType = sourcecode.swift; path = ReconciliationView.swift; sourceTree = "<group>"; };
		CB49C423D83769E994BD9C68 /* RootView.swift */ = {isa = PBXFileReference; lastKnownFileType = sourcecode.swift; path = RootView.swift; sourceTree = "<group>"; };
		E628930BBBD36226CDCAC79B /* NotificationScheduler.swift */ = {isa = PBXFileReference; lastKnownFileType = sourcecode.swift; path = NotificationScheduler.swift; sourceTree = "<group>"; };
		EB59BCEEE77B50542159011F /* MainTabView.swift */ = {isa = PBXFileReference; lastKnownFileType = sourcecode.swift; path = MainTabView.swift; sourceTree = "<group>"; };
		F3D21D5C1F4DBA01A4D774B9 /* StepsToEight.app */ = {isa = PBXFileReference; includeInIndex = 0; lastKnownFileType = wrapper.application; path = StepsToEight.app; sourceTree = BUILT_PRODUCTS_DIR; };
/* End PBXFileReference section */

/* Begin PBXFrameworksBuildPhase section */
		02365B61AD9777FE7434EFE8 /* Frameworks */ = {
			isa = PBXFrameworksBuildPhase;
			buildActionMask = 2147483647;
			files = (
				47FBE39813E4344CCD15FF80 /* StepsToEightCore in Frameworks */,
			);
			runOnlyForDeploymentPostprocessing = 0;
		};
		622CB1F776FEBD67593195A6 /* Frameworks */ = {
			isa = PBXFrameworksBuildPhase;
			buildActionMask = 2147483647;
			files = (
				1B3FC1FE0581AB816394DF8C /* StepsToEightCore in Frameworks */,
			);
			runOnlyForDeploymentPostprocessing = 0;
		};
		7CCFD219F8F0898FED0211FD /* Frameworks */ = {
			isa = PBXFrameworksBuildPhase;
			buildActionMask = 2147483647;
			files = (
				9C1590BC989BEA55ED3CAD1A /* StepsToEightCore in Frameworks */,
			);
			runOnlyForDeploymentPostprocessing = 0;
		};
/* End PBXFrameworksBuildPhase section */

/* Begin PBXGroup section */
		0F3EFBA7972B7D974C91746D /* Shared */ = {
			isa = PBXGroup;
			children = (
				05381BE8F00CFE85B769DC28 /* HealthKitReader.swift */,
				756A4C9DF28F82EB2847EBCE /* HistoryStore.swift */,
				465495B0151FC42603FA4992 /* ReconciliationStore.swift */,
				5C53754DF98089C15EFC68E8 /* SettingsStore.swift */,
				B2F2D277BABB7A310DD9E29C /* TierColor.swift */,
			);
			path = Shared;
			sourceTree = "<group>";
		};
		2CC26DFB954640DC04E4A281 /* App */ = {
			isa = PBXGroup;
			children = (
				5354561268C9DD1C01E03C5F /* Complication */,
				62662562CC6539D521976732 /* iOS */,
				0F3EFBA7972B7D974C91746D /* Shared */,
				64270B9E279638DA96A258D4 /* Watch */,
			);
			path = App;
			sourceTree = "<group>";
		};
		43FAB866A93C2100FD2A77B3 /* Packages */ = {
			isa = PBXGroup;
			children = (
				0DADF3892110B7C28ECB803C /* watch-stepcounter */,
			);
			name = Packages;
			sourceTree = "<group>";
		};
		5354561268C9DD1C01E03C5F /* Complication */ = {
			isa = PBXGroup;
			children = (
				1FEBC26F9782BD85CD1293C9 /* ComplicationView.swift */,
				288838AABB195F187153F1D5 /* StepsProvider.swift */,
				71A400867519705B7839ACF5 /* StepsToEightWidget.swift */,
			);
			path = Complication;
			sourceTree = "<group>";
		};
		62662562CC6539D521976732 /* iOS */ = {
			isa = PBXGroup;
			children = (
				EB59BCEEE77B50542159011F /* MainTabView.swift */,
				E628930BBBD36226CDCAC79B /* NotificationScheduler.swift */,
				C80367FA981021546D5B3159 /* ReconciliationView.swift */,
				CB49C423D83769E994BD9C68 /* RootView.swift */,
				97096FCF32C6059953FD80C8 /* StepsToEightApp.swift */,
			);
			path = iOS;
			sourceTree = "<group>";
		};
		64270B9E279638DA96A258D4 /* Watch */ = {
			isa = PBXGroup;
			children = (
				8B67487095A587625A022D60 /* StepsToEightWatchApp.swift */,
				9DA1551163597101BAF45CC2 /* WatchRootView.swift */,
			);
			path = Watch;
			sourceTree = "<group>";
		};
		BE05108E6394EB4E2E3271E8 = {
			isa = PBXGroup;
			children = (
				2CC26DFB954640DC04E4A281 /* App */,
				43FAB866A93C2100FD2A77B3 /* Packages */,
				CFA05DB37A387B1D270FE7A9 /* Products */,
			);
			sourceTree = "<group>";
		};
		CFA05DB37A387B1D270FE7A9 /* Products */ = {
			isa = PBXGroup;
			children = (
				F3D21D5C1F4DBA01A4D774B9 /* StepsToEight.app */,
				B521DB2382EB98591F6786E1 /* StepsToEightComplication.appex */,
				53A49CA22D8C1686ABC85C2E /* StepsToEightWatch.app */,
			);
			name = Products;
			sourceTree = "<group>";
		};
/* End PBXGroup section */

/* Begin PBXNativeTarget section */
		2ACDABFCEAE06D44E0F677DB /* StepsToEightWatch */ = {
			isa = PBXNativeTarget;
			buildConfigurationList = 3F427A595D6B7A792B0A5C11 /* Build configuration list for PBXNativeTarget "StepsToEightWatch" */;
			buildPhases = (
				ACD742AAFCE5B210036C3069 /* Sources */,
				7CCFD219F8F0898FED0211FD /* Frameworks */,
				3BE5BB1428B1D7DA203AF35F /* Embed Foundation Extensions */,
			);
			buildRules = (
			);
			dependencies = (
				E85ADC2987E482BCD7CD11F7 /* PBXTargetDependency */,
			);
			name = StepsToEightWatch;
			packageProductDependencies = (
				9970AACD5B2186E85AFDF292 /* StepsToEightCore */,
			);
			productName = StepsToEightWatch;
			productReference = 53A49CA22D8C1686ABC85C2E /* StepsToEightWatch.app */;
			productType = "com.apple.product-type.application";
		};
		A07527660574D1052840E960 /* StepsToEightComplication */ = {
			isa = PBXNativeTarget;
			buildConfigurationList = 6E57F00F0863D12EBB0CB24D /* Build configuration list for PBXNativeTarget "StepsToEightComplication" */;
			buildPhases = (
				A299A5E541C5E76720B20D80 /* Sources */,
				02365B61AD9777FE7434EFE8 /* Frameworks */,
			);
			buildRules = (
			);
			dependencies = (
			);
			name = StepsToEightComplication;
			packageProductDependencies = (
				BD7A8F84380B487A27E807DE /* StepsToEightCore */,
			);
			productName = StepsToEightComplication;
			productReference = B521DB2382EB98591F6786E1 /* StepsToEightComplication.appex */;
			productType = "com.apple.product-type.app-extension";
		};
		E11CDE6B1151E87A4A8794A8 /* StepsToEight */ = {
			isa = PBXNativeTarget;
			buildConfigurationList = 6E0867E3406D520B1659BC25 /* Build configuration list for PBXNativeTarget "StepsToEight" */;
			buildPhases = (
				53B484AEF3A0B24F7BB2FC58 /* Sources */,
				622CB1F776FEBD67593195A6 /* Frameworks */,
			);
			buildRules = (
			);
			dependencies = (
			);
			name = StepsToEight;
			packageProductDependencies = (
				076FA49E83835FE5CB2A058C /* StepsToEightCore */,
			);
			productName = StepsToEight;
			productReference = F3D21D5C1F4DBA01A4D774B9 /* StepsToEight.app */;
			productType = "com.apple.product-type.application";
		};
/* End PBXNativeTarget section */

/* Begin PBXProject section */
		D851F02E8616F8851D021485 /* Project object */ = {
			isa = PBXProject;
			attributes = {
				BuildIndependentTargetsInParallel = YES;
				LastUpgradeCheck = 1430;
				TargetAttributes = {
					2ACDABFCEAE06D44E0F677DB = {
						DevelopmentTeam = 86H54WCPYP;
						ProvisioningStyle = Automatic;
					};
					A07527660574D1052840E960 = {
						DevelopmentTeam = 86H54WCPYP;
						ProvisioningStyle = Automatic;
					};
					E11CDE6B1151E87A4A8794A8 = {
						DevelopmentTeam = 86H54WCPYP;
						ProvisioningStyle = Automatic;
					};
				};
			};
			buildConfigurationList = F682D24AED03172C05698CEF /* Build configuration list for PBXProject "StepsToEight" */;
			developmentRegion = en;
			hasScannedForEncodings = 0;
			knownRegions = (
				Base,
				en,
			);
			mainGroup = BE05108E6394EB4E2E3271E8;
			minimizedProjectReferenceProxies = 1;
			packageReferences = (
				654A2BF3E5048367CCA96083 /* XCLocalSwiftPackageReference "." */,
			);
			preferredProjectObjectVersion = 77;
			productRefGroup = CFA05DB37A387B1D270FE7A9 /* Products */;
			projectDirPath = "";
			projectRoot = "";
			targets = (
				E11CDE6B1151E87A4A8794A8 /* StepsToEight */,
				A07527660574D1052840E960 /* StepsToEightComplication */,
				2ACDABFCEAE06D44E0F677DB /* StepsToEightWatch */,
			);
		};
/* End PBXProject section */

/* Begin PBXSourcesBuildPhase section */
		53B484AEF3A0B24F7BB2FC58 /* Sources */ = {
			isa = PBXSourcesBuildPhase;
			buildActionMask = 2147483647;
			files = (
				F234FDD9453FC65E8E2DF857 /* HealthKitReader.swift in Sources */,
				CF657CB160E469844B16E431 /* HistoryStore.swift in Sources */,
				D82FE3761A3712EBA61D33EE /* MainTabView.swift in Sources */,
				1EC0531B9FDD19334288B644 /* NotificationScheduler.swift in Sources */,
				A7DA4FF0DC9C3D1A0F0BFC49 /* ReconciliationStore.swift in Sources */,
				04CD5FDFF708BD8283E0B768 /* ReconciliationView.swift in Sources */,
				BC24AC78959AEE293FDCA50D /* RootView.swift in Sources */,
				BC4A48FB61ADBD5D4F7CA40D /* SettingsStore.swift in Sources */,
				2E0FE8E9842F1496D43C512E /* StepsToEightApp.swift in Sources */,
				20D1F064D6AC9AFA225A065D /* TierColor.swift in Sources */,
			);
			runOnlyForDeploymentPostprocessing = 0;
		};
		A299A5E541C5E76720B20D80 /* Sources */ = {
			isa = PBXSourcesBuildPhase;
			buildActionMask = 2147483647;
			files = (
				72FEAEB569274F8A7669B474 /* ComplicationView.swift in Sources */,
				0BA8631631321F2DDFB5E93F /* HealthKitReader.swift in Sources */,
				71216397C4411569DDEBE98C /* HistoryStore.swift in Sources */,
				241F80633F2F2A543EA4F919 /* ReconciliationStore.swift in Sources */,
				76FA1F44452A7F10C21FAF20 /* SettingsStore.swift in Sources */,
				84696C2B79BD0DAAE846179A /* StepsProvider.swift in Sources */,
				AD6DC23EF3043D3908D081DA /* StepsToEightWidget.swift in Sources */,
				5F18611651DD26E54E8D2242 /* TierColor.swift in Sources */,
			);
			runOnlyForDeploymentPostprocessing = 0;
		};
		ACD742AAFCE5B210036C3069 /* Sources */ = {
			isa = PBXSourcesBuildPhase;
			buildActionMask = 2147483647;
			files = (
				67048F0560F781ED92A023AA /* HealthKitReader.swift in Sources */,
				988C756E1A4210EAC607D922 /* HistoryStore.swift in Sources */,
				230163751725AB54527F409E /* ReconciliationStore.swift in Sources */,
				1594A6AFED1B7AD253F63ECD /* SettingsStore.swift in Sources */,
				5CE840594D83B816F66709A0 /* StepsToEightWatchApp.swift in Sources */,
				52777AADECF7AB043754AEE4 /* TierColor.swift in Sources */,
				294E1DC4580EFBD4B92E4127 /* WatchRootView.swift in Sources */,
			);
			runOnlyForDeploymentPostprocessing = 0;
		};
/* End PBXSourcesBuildPhase section */

/* Begin PBXTargetDependency section */
		E85ADC2987E482BCD7CD11F7 /* PBXTargetDependency */ = {
			isa = PBXTargetDependency;
			target = A07527660574D1052840E960 /* StepsToEightComplication */;
			targetProxy = 51F18CED74D15EC4C3F8D052 /* PBXContainerItemProxy */;
		};
/* End PBXTargetDependency section */

/* Begin XCBuildConfiguration section */
		0B1D83AA6F1517EE73F98789 /* Debug */ = {
			isa = XCBuildConfiguration;
			buildSettings = {
				CODE_SIGN_ENTITLEMENTS = App/Complication/StepsToEightComplication.entitlements;
				CURRENT_PROJECT_VERSION = 1;
				INFOPLIST_FILE = App/Complication/Info.plist;
				LD_RUNPATH_SEARCH_PATHS = (
					"$(inherited)",
					"@executable_path/Frameworks",
					"@executable_path/../../Frameworks",
				);
				MARKETING_VERSION = 0.1.0;
				PRODUCT_BUNDLE_IDENTIFIER = org.whitelabel.stepstoeight.watchkitapp.complication;
				SDKROOT = watchos;
				SKIP_INSTALL = YES;
				TARGETED_DEVICE_FAMILY = 4;
				WATCHOS_DEPLOYMENT_TARGET = 9.0;
			};
			name = Debug;
		};
		2D5F3F5D0E3EA22C2B25C045 /* Release */ = {
			isa = XCBuildConfiguration;
			buildSettings = {
				ASSETCATALOG_COMPILER_APPICON_NAME = AppIcon;
				CODE_SIGN_ENTITLEMENTS = App/Watch/StepsToEightWatch.entitlements;
				CURRENT_PROJECT_VERSION = 1;
				INFOPLIST_FILE = App/Watch/Info.plist;
				MARKETING_VERSION = 0.1.0;
				PRODUCT_BUNDLE_IDENTIFIER = org.whitelabel.stepstoeight.watchkitapp;
				SDKROOT = watchos;
				SKIP_INSTALL = YES;
				TARGETED_DEVICE_FAMILY = 4;
				WATCHOS_DEPLOYMENT_TARGET = 9.0;
			};
			name = Release;
		};
		57984B2F5ACD1D1B68DA741F /* Debug */ = {
			isa = XCBuildConfiguration;
			buildSettings = {
				ALWAYS_SEARCH_USER_PATHS = NO;
				CLANG_ANALYZER_NONNULL = YES;
				CLANG_ANALYZER_NUMBER_OBJECT_CONVERSION = YES_AGGRESSIVE;
				CLANG_CXX_LANGUAGE_STANDARD = "gnu++14";
				CLANG_CXX_LIBRARY = "libc++";
				CLANG_ENABLE_MODULES = YES;
				CLANG_ENABLE_OBJC_ARC = YES;
				CLANG_ENABLE_OBJC_WEAK = YES;
				CLANG_WARN_BLOCK_CAPTURE_AUTORELEASING = YES;
				CLANG_WARN_BOOL_CONVERSION = YES;
				CLANG_WARN_COMMA = YES;
				CLANG_WARN_CONSTANT_CONVERSION = YES;
				CLANG_WARN_DEPRECATED_OBJC_IMPLEMENTATIONS = YES;
				CLANG_WARN_DIRECT_OBJC_ISA_USAGE = YES_ERROR;
				CLANG_WARN_DOCUMENTATION_COMMENTS = YES;
				CLANG_WARN_EMPTY_BODY = YES;
				CLANG_WARN_ENUM_CONVERSION = YES;
				CLANG_WARN_INFINITE_RECURSION = YES;
				CLANG_WARN_INT_CONVERSION = YES;
				CLANG_WARN_NON_LITERAL_NULL_CONVERSION = YES;
				CLANG_WARN_OBJC_IMPLICIT_RETAIN_SELF = YES;
				CLANG_WARN_OBJC_LITERAL_CONVERSION = YES;
				CLANG_WARN_OBJC_ROOT_CLASS = YES_ERROR;
				CLANG_WARN_QUOTED_INCLUDE_IN_FRAMEWORK_HEADER = YES;
				CLANG_WARN_RANGE_LOOP_ANALYSIS = YES;
				CLANG_WARN_STRICT_PROTOTYPES = YES;
				CLANG_WARN_SUSPICIOUS_MOVE = YES;
				CLANG_WARN_UNGUARDED_AVAILABILITY = YES_AGGRESSIVE;
				CLANG_WARN_UNREACHABLE_CODE = YES;
				CLANG_WARN__DUPLICATE_METHOD_MATCH = YES;
				CODE_SIGN_STYLE = Automatic;
				COPY_PHASE_STRIP = NO;
				DEBUG_INFORMATION_FORMAT = dwarf;
				DEVELOPMENT_TEAM = 86H54WCPYP;
				ENABLE_STRICT_OBJC_MSGSEND = YES;
				ENABLE_TESTABILITY = YES;
				ENABLE_USER_SCRIPT_SANDBOXING = YES;
				GCC_C_LANGUAGE_STANDARD = gnu11;
				GCC_DYNAMIC_NO_PIC = NO;
				GCC_NO_COMMON_BLOCKS = YES;
				GCC_OPTIMIZATION_LEVEL = 0;
				GCC_PREPROCESSOR_DEFINITIONS = (
					"$(inherited)",
					"DEBUG=1",
				);
				GCC_WARN_64_TO_32_BIT_CONVERSION = YES;
				GCC_WARN_ABOUT_RETURN_TYPE = YES_ERROR;
				GCC_WARN_UNDECLARED_SELECTOR = YES;
				GCC_WARN_UNINITIALIZED_AUTOS = YES_AGGRESSIVE;
				GCC_WARN_UNUSED_FUNCTION = YES;
				GCC_WARN_UNUSED_VARIABLE = YES;
				GENERATE_INFOPLIST_FILE = NO;
				IPHONEOS_DEPLOYMENT_TARGET = 16.0;
				MTL_ENABLE_DEBUG_INFO = INCLUDE_SOURCE;
				MTL_FAST_MATH = YES;
				ONLY_ACTIVE_ARCH = YES;
				PRODUCT_NAME = "$(TARGET_NAME)";
				SWIFT_ACTIVE_COMPILATION_CONDITIONS = DEBUG;
				SWIFT_OPTIMIZATION_LEVEL = "-Onone";
				SWIFT_VERSION = 5.9;
				WATCHOS_DEPLOYMENT_TARGET = 9.0;
			};
			name = Debug;
		};
		9B08E7B0F1F9B242D91E87CD /* Debug */ = {
			isa = XCBuildConfiguration;
			buildSettings = {
				ASSETCATALOG_COMPILER_APPICON_NAME = AppIcon;
				CODE_SIGN_ENTITLEMENTS = App/iOS/StepsToEight.entitlements;
				CODE_SIGN_IDENTITY = "iPhone Developer";
				CURRENT_PROJECT_VERSION = 1;
				INFOPLIST_FILE = App/iOS/Info.plist;
				IPHONEOS_DEPLOYMENT_TARGET = 16.0;
				LD_RUNPATH_SEARCH_PATHS = (
					"$(inherited)",
					"@executable_path/Frameworks",
				);
				MARKETING_VERSION = 0.1.0;
				PRODUCT_BUNDLE_IDENTIFIER = org.whitelabel.stepstoeight;
				SDKROOT = iphoneos;
				TARGETED_DEVICE_FAMILY = 1;
			};
			name = Debug;
		};
		9F1EB062405ABA349FFD00C4 /* Debug */ = {
			isa = XCBuildConfiguration;
			buildSettings = {
				ASSETCATALOG_COMPILER_APPICON_NAME = AppIcon;
				CODE_SIGN_ENTITLEMENTS = App/Watch/StepsToEightWatch.entitlements;
				CURRENT_PROJECT_VERSION = 1;
				INFOPLIST_FILE = App/Watch/Info.plist;
				MARKETING_VERSION = 0.1.0;
				PRODUCT_BUNDLE_IDENTIFIER = org.whitelabel.stepstoeight.watchkitapp;
				SDKROOT = watchos;
				SKIP_INSTALL = YES;
				TARGETED_DEVICE_FAMILY = 4;
				WATCHOS_DEPLOYMENT_TARGET = 9.0;
			};
			name = Debug;
		};
		A301C986A61670D2941A2E84 /* Release */ = {
			isa = XCBuildConfiguration;
			buildSettings = {
				ASSETCATALOG_COMPILER_APPICON_NAME = AppIcon;
				CODE_SIGN_ENTITLEMENTS = App/iOS/StepsToEight.entitlements;
				CODE_SIGN_IDENTITY = "iPhone Developer";
				CURRENT_PROJECT_VERSION = 1;
				INFOPLIST_FILE = App/iOS/Info.plist;
				IPHONEOS_DEPLOYMENT_TARGET = 16.0;
				LD_RUNPATH_SEARCH_PATHS = (
					"$(inherited)",
					"@executable_path/Frameworks",
				);
				MARKETING_VERSION = 0.1.0;
				PRODUCT_BUNDLE_IDENTIFIER = org.whitelabel.stepstoeight;
				SDKROOT = iphoneos;
				TARGETED_DEVICE_FAMILY = 1;
			};
			name = Release;
		};
		B9687AB1F3702367AD53A458 /* Release */ = {
			isa = XCBuildConfiguration;
			buildSettings = {
				ALWAYS_SEARCH_USER_PATHS = NO;
				CLANG_ANALYZER_NONNULL = YES;
				CLANG_ANALYZER_NUMBER_OBJECT_CONVERSION = YES_AGGRESSIVE;
				CLANG_CXX_LANGUAGE_STANDARD = "gnu++14";
				CLANG_CXX_LIBRARY = "libc++";
				CLANG_ENABLE_MODULES = YES;
				CLANG_ENABLE_OBJC_ARC = YES;
				CLANG_ENABLE_OBJC_WEAK = YES;
				CLANG_WARN_BLOCK_CAPTURE_AUTORELEASING = YES;
				CLANG_WARN_BOOL_CONVERSION = YES;
				CLANG_WARN_COMMA = YES;
				CLANG_WARN_CONSTANT_CONVERSION = YES;
				CLANG_WARN_DEPRECATED_OBJC_IMPLEMENTATIONS = YES;
				CLANG_WARN_DIRECT_OBJC_ISA_USAGE = YES_ERROR;
				CLANG_WARN_DOCUMENTATION_COMMENTS = YES;
				CLANG_WARN_EMPTY_BODY = YES;
				CLANG_WARN_ENUM_CONVERSION = YES;
				CLANG_WARN_INFINITE_RECURSION = YES;
				CLANG_WARN_INT_CONVERSION = YES;
				CLANG_WARN_NON_LITERAL_NULL_CONVERSION = YES;
				CLANG_WARN_OBJC_IMPLICIT_RETAIN_SELF = YES;
				CLANG_WARN_OBJC_LITERAL_CONVERSION = YES;
				CLANG_WARN_OBJC_ROOT_CLASS = YES_ERROR;
				CLANG_WARN_QUOTED_INCLUDE_IN_FRAMEWORK_HEADER = YES;
				CLANG_WARN_RANGE_LOOP_ANALYSIS = YES;
				CLANG_WARN_STRICT_PROTOTYPES = YES;
				CLANG_WARN_SUSPICIOUS_MOVE = YES;
				CLANG_WARN_UNGUARDED_AVAILABILITY = YES_AGGRESSIVE;
				CLANG_WARN_UNREACHABLE_CODE = YES;
				CLANG_WARN__DUPLICATE_METHOD_MATCH = YES;
				CODE_SIGN_STYLE = Automatic;
				COPY_PHASE_STRIP = NO;
				DEBUG_INFORMATION_FORMAT = "dwarf-with-dsym";
				DEVELOPMENT_TEAM = 86H54WCPYP;
				ENABLE_NS_ASSERTIONS = NO;
				ENABLE_STRICT_OBJC_MSGSEND = YES;
				ENABLE_USER_SCRIPT_SANDBOXING = YES;
				GCC_C_LANGUAGE_STANDARD = gnu11;
				GCC_NO_COMMON_BLOCKS = YES;
				GCC_WARN_64_TO_32_BIT_CONVERSION = YES;
				GCC_WARN_ABOUT_RETURN_TYPE = YES_ERROR;
				GCC_WARN_UNDECLARED_SELECTOR = YES;
				GCC_WARN_UNINITIALIZED_AUTOS = YES_AGGRESSIVE;
				GCC_WARN_UNUSED_FUNCTION = YES;
				GCC_WARN_UNUSED_VARIABLE = YES;
				GENERATE_INFOPLIST_FILE = NO;
				IPHONEOS_DEPLOYMENT_TARGET = 16.0;
				MTL_ENABLE_DEBUG_INFO = NO;
				MTL_FAST_MATH = YES;
				PRODUCT_NAME = "$(TARGET_NAME)";
				SWIFT_COMPILATION_MODE = wholemodule;
				SWIFT_OPTIMIZATION_LEVEL = "-O";
				SWIFT_VERSION = 5.9;
				WATCHOS_DEPLOYMENT_TARGET = 9.0;
			};
			name = Release;
		};
		DE944AF15FCEA70D1A46569D /* Release */ = {
			isa = XCBuildConfiguration;
			buildSettings = {
				CODE_SIGN_ENTITLEMENTS = App/Complication/StepsToEightComplication.entitlements;
				CURRENT_PROJECT_VERSION = 1;
				INFOPLIST_FILE = App/Complication/Info.plist;
				LD_RUNPATH_SEARCH_PATHS = (
					"$(inherited)",
					"@executable_path/Frameworks",
					"@executable_path/../../Frameworks",
				);
				MARKETING_VERSION = 0.1.0;
				PRODUCT_BUNDLE_IDENTIFIER = org.whitelabel.stepstoeight.watchkitapp.complication;
				SDKROOT = watchos;
				SKIP_INSTALL = YES;
				TARGETED_DEVICE_FAMILY = 4;
				WATCHOS_DEPLOYMENT_TARGET = 9.0;
			};
			name = Release;
		};
/* End XCBuildConfiguration section */

/* Begin XCConfigurationList section */
		3F427A595D6B7A792B0A5C11 /* Build configuration list for PBXNativeTarget "StepsToEightWatch" */ = {
			isa = XCConfigurationList;
			buildConfigurations = (
				9F1EB062405ABA349FFD00C4 /* Debug */,
				2D5F3F5D0E3EA22C2B25C045 /* Release */,
			);
			defaultConfigurationIsVisible = 0;
			defaultConfigurationName = Debug;
		};
		6E0867E3406D520B1659BC25 /* Build configuration list for PBXNativeTarget "StepsToEight" */ = {
			isa = XCConfigurationList;
			buildConfigurations = (
				9B08E7B0F1F9B242D91E87CD /* Debug */,
				A301C986A61670D2941A2E84 /* Release */,
			);
			defaultConfigurationIsVisible = 0;
			defaultConfigurationName = Debug;
		};
		6E57F00F0863D12EBB0CB24D /* Build configuration list for PBXNativeTarget "StepsToEightComplication" */ = {
			isa = XCConfigurationList;
			buildConfigurations = (
				0B1D83AA6F1517EE73F98789 /* Debug */,
				DE944AF15FCEA70D1A46569D /* Release */,
			);
			defaultConfigurationIsVisible = 0;
			defaultConfigurationName = Debug;
		};
		F682D24AED03172C05698CEF /* Build configuration list for PBXProject "StepsToEight" */ = {
			isa = XCConfigurationList;
			buildConfigurations = (
				57984B2F5ACD1D1B68DA741F /* Debug */,
				B9687AB1F3702367AD53A458 /* Release */,
			);
			defaultConfigurationIsVisible = 0;
			defaultConfigurationName = Debug;
		};
/* End XCConfigurationList section */

/* Begin XCLocalSwiftPackageReference section */
		654A2BF3E5048367CCA96083 /* XCLocalSwiftPackageReference "." */ = {
			isa = XCLocalSwiftPackageReference;
			relativePath = .;
		};
/* End XCLocalSwiftPackageReference section */

/* Begin XCSwiftPackageProductDependency section */
		076FA49E83835FE5CB2A058C /* StepsToEightCore */ = {
			isa = XCSwiftPackageProductDependency;
			productName = StepsToEightCore;
		};
		9970AACD5B2186E85AFDF292 /* StepsToEightCore */ = {
			isa = XCSwiftPackageProductDependency;
			productName = StepsToEightCore;
		};
		BD7A8F84380B487A27E807DE /* StepsToEightCore */ = {
			isa = XCSwiftPackageProductDependency;
			productName = StepsToEightCore;
		};
/* End XCSwiftPackageProductDependency section */
	};
	rootObject = D851F02E8616F8851D021485 /* Project object */;
}
